{
  "name": "frontend",
  "lockfileVersion": 2,
  "requires": true,
  "packages": {
    "": {
      "dependencies": {
        "vue-scrollable-container": "^1.8.2",
        "vue-splitpane": "^1.0.6"
      }
    },
    "node_modules/vue-scrollable-container": {
      "version": "1.8.2",
      "resolved": "https://registry.npmjs.org/vue-scrollable-container/-/vue-scrollable-container-1.8.2.tgz",
      "integrity": "sha512-gHi3XuTN1YDmY9JVFwXWgE5C5g9eQMQVb57LjPghsCn3VHjBS8YuygHGZdqH4zlHqYpLEJwPL4p/gMIwOFReAg=="
    },
    "node_modules/vue-splitpane": {
      "version": "1.0.6",
      "resolved": "https://registry.npmjs.org/vue-splitpane/-/vue-splitpane-1.0.6.tgz",
      "integrity": "sha512-6sneVSEeF1VsCD025HP93nRxwzYhv3rotCeYi2Ah1FmGxwtfqbCZEIzaHGberdGNCpMlEzGD/1OIE1kK5QukLA=="
    }
  },
  "dependencies": {
    "vue-scrollable-container": {
      "version": "1.8.2",
      "resolved": "https://registry.npmjs.org/vue-scrollable-container/-/vue-scrollable-container-1.8.2.tgz",
      "integrity": "sha512-gHi3XuTN1YDmY9JVFwXWgE5C5g9eQMQVb57LjPghsCn3VHjBS8YuygHGZdqH4zlHqYpLEJwPL4p/gMIwOFReAg=="
    },
    "vue-splitpane": {
      "version": "1.0.6",
      "resolved": "https://registry.npmjs.org/vue-splitpane/-/vue-splitpane-1.0.6.tgz",
      "integrity": "sha512-6sneVSEeF1VsCD025HP93nRxwzYhv3rotCeYi2Ah1FmGxwtfqbCZEIzaHGberdGNCpMlEzGD/1OIE1kK5QukLA=="
    }
  }
}
